
Microsoft Visual Studio Solution File, Format Version 12.00
# Visual Studio Version 16
VisualStudioVersion = 16.0.30406.217
MinimumVisualStudioVersion = 10.0.40219.1
Project("{8BC9CEB8-8B4A-11D0-8D11-00A0C91BC942}") = "eac-overlay", "eac-overlay\eac-overlay.vcxproj", "{30B775C1-3EE0-41F0-A7B6-86F816B8F6D5}"
EndProject
Global
	GlobalSection(SolutionConfigurationPlatforms) = preSolution
		Debug|x64 = Debug|x64
		Debug|x86 = Debug|x86
		Release|x64 = Release|x64
		Release|x86 = Release|x86
	EndGlobalSection
	GlobalSection(ProjectConfigurationPlatforms) = postSolution
		{30B775C1-3EE0-41F0-A7B6-86F816B8F6D5}.Debug|x64.ActiveCfg = Debug|x64
		{30B775C1-3EE0-41F0-A7B6-86F816B8F6D5}.Debug|x64.Build.0 = Debug|x64
		{30B775C1-3EE0-41F0-A7B6-86F816B8F6D5}.Debug|x86.ActiveCfg = Debug|Win32
		{30B775C1-3EE0-41F0-A7B6-86F816B8F6D5}.Debug|x86.Build.0 = Debug|Win32
		{30B775C1-3EE0-41F0-A7B6-86F816B8F6D5}.Release|x64.ActiveCfg = Release|x64
		{30B775C1-3EE0-41F0-A7B6-86F816B8F6D5}.Release|x64.Build.0 = Release|x64
		{30B775C1-3EE0-41F0-A7B6-86F816B8F6D5}.Release|x86.ActiveCfg = Release|Win32
		{30B775C1-3EE0-41F0-A7B6-86F816B8F6D5}.Release|x86.Build.0 = Release|Win32
	EndGlobalSection
	GlobalSection(SolutionProperties) = preSolution
		HideSolutionNode = FALSE
	EndGlobalSection
	GlobalSection(ExtensibilityGlobals) = postSolution
		SolutionGuid = {5F1278AA-3FA2-4DF0-A519-76D720A600F4}
	EndGlobalSection
EndGlobal
